
Microsoft Visual Studio Solution File, Format Version 12.00
# Visual Studio Version 16
VisualStudioVersion = 16.0.33801.447
MinimumVisualStudioVersion = 10.0.40219.1
Project("{9A19103F-16F7-4668-BE54-9A1E7A4F7556}") = "TestVagrantAssignment", "TestVagrantAssignment.csproj", "{FB87F1E6-579E-4B46-ACB4-745926BD0BFF}"
EndProject
Project("{FAE04EC0-301F-11D3-BF4B-00C04F79EFBC}") = "TestVagrantAssignmentTests", "..\TestVagrantAssignmentTests\TestVagrantAssignmentTests.csproj", "{688A01A5-03D5-4F0A-973F-DDD0C4799C36}"
EndProject
Global
	GlobalSection(SolutionConfigurationPlatforms) = preSolution
		Debug|Any CPU = Debug|Any CPU
		Release|Any CPU = Release|Any CPU
	EndGlobalSection
	GlobalSection(ProjectConfigurationPlatforms) = postSolution
		{FB87F1E6-579E-4B46-ACB4-745926BD0BFF}.Debug|Any CPU.ActiveCfg = Debug|Any CPU
		{FB87F1E6-579E-4B46-ACB4-745926BD0BFF}.Debug|Any CPU.Build.0 = Debug|Any CPU
		{FB87F1E6-579E-4B46-ACB4-745926BD0BFF}.Release|Any CPU.ActiveCfg = Release|Any CPU
		{FB87F1E6-579E-4B46-ACB4-745926BD0BFF}.Release|Any CPU.Build.0 = Release|Any CPU
		{688A01A5-03D5-4F0A-973F-DDD0C4799C36}.Debug|Any CPU.ActiveCfg = Debug|Any CPU
		{688A01A5-03D5-4F0A-973F-DDD0C4799C36}.Debug|Any CPU.Build.0 = Debug|Any CPU
		{688A01A5-03D5-4F0A-973F-DDD0C4799C36}.Release|Any CPU.ActiveCfg = Release|Any CPU
		{688A01A5-03D5-4F0A-973F-DDD0C4799C36}.Release|Any CPU.Build.0 = Release|Any CPU
	EndGlobalSection
	GlobalSection(SolutionProperties) = preSolution
		HideSolutionNode = FALSE
	EndGlobalSection
	GlobalSection(ExtensibilityGlobals) = postSolution
		SolutionGuid = {8909B9C2-35D1-4C4D-8B95-2A99D46880BA}
	EndGlobalSection
EndGlobal
